
Microsoft Visual Studio Solution File, Format Version 12.00
# Visual Studio Version 17
VisualStudioVersion = 17.4.33110.190
MinimumVisualStudioVersion = 10.0.40219.1
Project("{9A19103F-16F7-4668-BE54-9A1E7A4F7556}") = "SchoolApi", "SchoolApi\SchoolApi.csproj", "{06DC3B53-5111-4466-962C-7DE41A41AE94}"
EndProject
Project("{9A19103F-16F7-4668-BE54-9A1E7A4F7556}") = "DomainModel", "DomainModel\DomainModel.csproj", "{A5F5B852-8C84-4A9B-B2DC-A8A1E1414E1D}"
EndProject
Project("{9A19103F-16F7-4668-BE54-9A1E7A4F7556}") = "ConsoleApp", "ConsoleApp\ConsoleApp.csproj", "{62B5B719-8E09-4809-830D-8B73AA9ACB21}"
EndProject
Project("{FAE04EC0-301F-11D3-BF4B-00C04F79EFBC}") = "Dal", "Dal\Dal.csproj", "{DA1BC78E-B492-4172-A1EF-52BF40C201BF}"
EndProject
Global
	GlobalSection(SolutionConfigurationPlatforms) = preSolution
		Debug|Any CPU = Debug|Any CPU
		Release|Any CPU = Release|Any CPU
	EndGlobalSection
	GlobalSection(ProjectConfigurationPlatforms) = postSolution
		{06DC3B53-5111-4466-962C-7DE41A41AE94}.Debug|Any CPU.ActiveCfg = Debug|Any CPU
		{06DC3B53-5111-4466-962C-7DE41A41AE94}.Debug|Any CPU.Build.0 = Debug|Any CPU
		{06DC3B53-5111-4466-962C-7DE41A41AE94}.Release|Any CPU.ActiveCfg = Release|Any CPU
		{06DC3B53-5111-4466-962C-7DE41A41AE94}.Release|Any CPU.Build.0 = Release|Any CPU
		{A5F5B852-8C84-4A9B-B2DC-A8A1E1414E1D}.Debug|Any CPU.ActiveCfg = Debug|Any CPU
		{A5F5B852-8C84-4A9B-B2DC-A8A1E1414E1D}.Debug|Any CPU.Build.0 = Debug|Any CPU
		{A5F5B852-8C84-4A9B-B2DC-A8A1E1414E1D}.Release|Any CPU.ActiveCfg = Release|Any CPU
		{A5F5B852-8C84-4A9B-B2DC-A8A1E1414E1D}.Release|Any CPU.Build.0 = Release|Any CPU
		{62B5B719-8E09-4809-830D-8B73AA9ACB21}.Debug|Any CPU.ActiveCfg = Debug|Any CPU
		{62B5B719-8E09-4809-830D-8B73AA9ACB21}.Debug|Any CPU.Build.0 = Debug|Any CPU
		{62B5B719-8E09-4809-830D-8B73AA9ACB21}.Release|Any CPU.ActiveCfg = Release|Any CPU
		{62B5B719-8E09-4809-830D-8B73AA9ACB21}.Release|Any CPU.Build.0 = Release|Any CPU
		{DA1BC78E-B492-4172-A1EF-52BF40C201BF}.Debug|Any CPU.ActiveCfg = Debug|Any CPU
		{DA1BC78E-B492-4172-A1EF-52BF40C201BF}.Debug|Any CPU.Build.0 = Debug|Any CPU
		{DA1BC78E-B492-4172-A1EF-52BF40C201BF}.Release|Any CPU.ActiveCfg = Release|Any CPU
		{DA1BC78E-B492-4172-A1EF-52BF40C201BF}.Release|Any CPU.Build.0 = Release|Any CPU
	EndGlobalSection
	GlobalSection(SolutionProperties) = preSolution
		HideSolutionNode = FALSE
	EndGlobalSection
	GlobalSection(ExtensibilityGlobals) = postSolution
		SolutionGuid = {2B3BE884-A93D-422C-8BBD-864895480A3C}
	EndGlobalSection
EndGlobal
